<?xml version="1.0" encoding="utf-8"?>
<Project ToolsVersion="4.0" xmlns="http://schemas.microsoft.com/developer/msbuild/2003">
  <ItemGroup>
    <Filter Include="Source Files">
      <UniqueIdentifier>{4FC737F1-C7A5-4376-A066-2A32D752A2FF}</UniqueIdentifier>
      <Extensions>cpp;c;cc;cxx;c++;cppm;ixx;def;odl;idl;hpj;bat;asm;asmx</Extensions>
    </Filter>
    <Filter Include="Header Files">
      <UniqueIdentifier>{93995380-89BD-4b04-88EB-625FBE52EBFB}</UniqueIdentifier>
      <Extensions>h;hh;hpp;hxx;h++;hm;inl;inc;ipp;xsd</Extensions>
    </Filter>
    <Filter Include="Resource Files">
      <UniqueIdentifier>{67DA6AB6-F800-4c08-8B7A-83BB121AAD01}</UniqueIdentifier>
      <Extensions>rc;ico;cur;bmp;dlg;rc2;rct;bin;rgs;gif;jpg;jpeg;jpe;resx;tiff;tif;png;wav;mfcribbon-ms</Extensions>
    </Filter>
  </ItemGroup>
  <ItemGroup>
    <ClCompile Include="main.cpp">
      <Filter>Source Files</Filter>
    </ClCompile>
    <ClCompile Include="src\ctx\winctx.cpp">
      <Filter>Source Files</Filter>
    </ClCompile>
    <ClCompile Include="src\rend\mesh.cpp">
      <Filter>Source Files</Filter>
    </ClCompile>
    <ClCompile Include="src\rend\shader.cpp">
      <Filter>Source Files</Filter>
    </ClCompile>
    <ClCompile Include="src\rend\texture.cpp">
      <Filter>Source Files</Filter>
    </ClCompile>
    <ClCompile Include="src\rend\model.cpp">
      <Filter>Source Files</Filter>
    </ClCompile>
    <ClCompile Include="src\rend\camera.cpp">
      <Filter>Source Files</Filter>
    </ClCompile>
    <ClCompile Include="src\resource\res_mng.cpp">
      <Filter>Source Files</Filter>
    </ClCompile>
    <ClCompile Include="src\entity\cmodel.cpp">
      <Filter>Source Files</Filter>
    </ClCompile>
    <ClCompile Include="src\entity\entitymng.cpp">
      <Filter>Source Files</Filter>
    </ClCompile>
    <ClCompile Include="src\entity\cramp.cpp">
      <Filter>Source Files</Filter>
    </ClCompile>
    <ClCompile Include="src\util\input.cpp">
      <Filter>Source Files</Filter>
    </ClCompile>
    <ClCompile Include="src\entity\ccam.cpp">
      <Filter>Source Files</Filter>
    </ClCompile>
    <ClCompile Include="src\rend\light.cpp">
      <Filter>Source Files</Filter>
    </ClCompile>
    <ClCompile Include="src\entity\clight.cpp">
      <Filter>Source Files</Filter>
    </ClCompile>
    <ClCompile Include="src\rend\mesh2d.cpp">
      <Filter>Source Files</Filter>
    </ClCompile>
    <ClCompile Include="src\2d\hud.cpp">
      <Filter>Source Files</Filter>
    </ClCompile>
    <ClCompile Include="src\2d\bbox.cpp">
      <Filter>Source Files</Filter>
    </ClCompile>
    <ClCompile Include="src\game\game.cpp">
      <Filter>Source Files</Filter>
    </ClCompile>
  </ItemGroup>
  <ItemGroup>
    <None Include="packages.config" />
    <None Include="assets\shader\basic2d.vert" />
    <None Include="assets\shader\basic2d.frag" />
    <None Include="assets\shader\basic3d.vert" />
    <None Include="assets\shader\basic3d.frag" />
    <None Include=".gitignore" />
  </ItemGroup>
  <ItemGroup>
    <ClInclude Include="src\ctx\winctx.h">
      <Filter>Header Files</Filter>
    </ClInclude>
    <ClInclude Include="src\global.h">
      <Filter>Header Files</Filter>
    </ClInclude>
    <ClInclude Include="src\util\fileutil.h">
      <Filter>Header Files</Filter>
    </ClInclude>
    <ClInclude Include="src\util\glutil.h">
      <Filter>Header Files</Filter>
    </ClInclude>
    <ClInclude Include="src\util\mathutil.h">
      <Filter>Header Files</Filter>
    </ClInclude>
    <ClInclude Include="src\lib\stb_image.h">
      <Filter>Header Files</Filter>
    </ClInclude>
    <ClInclude Include="src\rend\color.h">
      <Filter>Header Files</Filter>
    </ClInclude>
    <ClInclude Include="src\rend\mesh.h">
      <Filter>Header Files</Filter>
    </ClInclude>
    <ClInclude Include="src\rend\shader.h">
      <Filter>Header Files</Filter>
    </ClInclude>
    <ClInclude Include="src\rend\texture.h">
      <Filter>Header Files</Filter>
    </ClInclude>
    <ClInclude Include="src\rend\model.h">
      <Filter>Header Files</Filter>
    </ClInclude>
    <ClInclude Include="src\rend\camera.h">
      <Filter>Header Files</Filter>
    </ClInclude>
    <ClInclude Include="src\resource\res_mng.h">
      <Filter>Header Files</Filter>
    </ClInclude>
    <ClInclude Include="src\entity\entity.h">
      <Filter>Header Files</Filter>
    </ClInclude>
    <ClInclude Include="src\entity\cmodel.h">
      <Filter>Header Files</Filter>
    </ClInclude>
    <ClInclude Include="src\entity\entitymng.h">
      <Filter>Header Files</Filter>
    </ClInclude>
    <ClInclude Include="src\entity\cramp.h">
      <Filter>Header Files</Filter>
    </ClInclude>
    <ClInclude Include="src\util\input.h">
      <Filter>Header Files</Filter>
    </ClInclude>
    <ClInclude Include="src\entity\ccam.h">
      <Filter>Header Files</Filter>
    </ClInclude>
    <ClInclude Include="src\rend\material.h">
      <Filter>Header Files</Filter>
    </ClInclude>
    <ClInclude Include="src\rend\light.h">
      <Filter>Header Files</Filter>
    </ClInclude>
    <ClInclude Include="src\entity\clight.h">
      <Filter>Header Files</Filter>
    </ClInclude>
    <ClInclude Include="src\rend\mesh2d.h">
      <Filter>Header Files</Filter>
    </ClInclude>
    <ClInclude Include="src\2d\hud.h">
      <Filter>Header Files</Filter>
    </ClInclude>
    <ClInclude Include="src\2d\bbox.h">
      <Filter>Header Files</Filter>
    </ClInclude>
    <ClInclude Include="src\game\game.h">
      <Filter>Header Files</Filter>
    </ClInclude>
  </ItemGroup>
</Project>